
Microsoft Visual Studio Solution File, Format Version 12.00
# Visual Studio 15
VisualStudioVersion = 15.0.27130.2027
MinimumVisualStudioVersion = 10.0.40219.1
Project("{FAE04EC0-301F-11D3-BF4B-00C04F79EFBC}") = "prbd_1718_presences_g03", "prbd_1718_presences_g03\prbd_1718_presences_g03.csproj", "{D843012C-7F73-45F2-83AD-8E7439B926E4}"
EndProject
Project("{FAE04EC0-301F-11D3-BF4B-00C04F79EFBC}") = "PRBD_Framework", "..\..\..\Downloads\PRBD_Framework.v2\PRBD_Framework\PRBD_Framework.csproj", "{2E922430-EAAC-4589-A8F4-F35FBB9799B8}"
EndProject
Global
	GlobalSection(SolutionConfigurationPlatforms) = preSolution
		Debug|Any CPU = Debug|Any CPU
		Release|Any CPU = Release|Any CPU
	EndGlobalSection
	GlobalSection(ProjectConfigurationPlatforms) = postSolution
		{D843012C-7F73-45F2-83AD-8E7439B926E4}.Debug|Any CPU.ActiveCfg = Debug|Any CPU
		{D843012C-7F73-45F2-83AD-8E7439B926E4}.Debug|Any CPU.Build.0 = Debug|Any CPU
		{D843012C-7F73-45F2-83AD-8E7439B926E4}.Release|Any CPU.ActiveCfg = Release|Any CPU
		{D843012C-7F73-45F2-83AD-8E7439B926E4}.Release|Any CPU.Build.0 = Release|Any CPU
		{2E922430-EAAC-4589-A8F4-F35FBB9799B8}.Debug|Any CPU.ActiveCfg = Debug|Any CPU
		{2E922430-EAAC-4589-A8F4-F35FBB9799B8}.Debug|Any CPU.Build.0 = Debug|Any CPU
		{2E922430-EAAC-4589-A8F4-F35FBB9799B8}.Release|Any CPU.ActiveCfg = Release|Any CPU
		{2E922430-EAAC-4589-A8F4-F35FBB9799B8}.Release|Any CPU.Build.0 = Release|Any CPU
	EndGlobalSection
	GlobalSection(SolutionProperties) = preSolution
		HideSolutionNode = FALSE
	EndGlobalSection
	GlobalSection(ExtensibilityGlobals) = postSolution
		SolutionGuid = {9F630834-BF0C-4E57-9F26-0981F3DA1531}
	EndGlobalSection
EndGlobal
